
Microsoft Visual Studio Solution File, Format Version 12.00
# Visual Studio 15
Project("{FAE04EC0-301F-11D3-BF4B-00C04F79EFBC}") = "Assembly-CSharp", "Assembly-CSharp.csproj", "{AA90FFE6-EBBE-755E-68A8-AB61467738C6}"
EndProject
Global
	GlobalSection(SolutionConfigurationPlatforms) = preSolution
		Debug|Any CPU = Debug|Any CPU
		Release|Any CPU = Release|Any CPU
	EndGlobalSection
	GlobalSection(ProjectConfigurationPlatforms) = postSolution
		{AA90FFE6-EBBE-755E-68A8-AB61467738C6}.Debug|Any CPU.ActiveCfg = Debug|Any CPU
		{AA90FFE6-EBBE-755E-68A8-AB61467738C6}.Debug|Any CPU.Build.0 = Debug|Any CPU
		{AA90FFE6-EBBE-755E-68A8-AB61467738C6}.Release|Any CPU.ActiveCfg = Release|Any CPU
		{AA90FFE6-EBBE-755E-68A8-AB61467738C6}.Release|Any CPU.Build.0 = Release|Any CPU
	EndGlobalSection
	GlobalSection(SolutionProperties) = preSolution
		HideSolutionNode = FALSE
	EndGlobalSection
EndGlobal
